// !$*UTF8*$!
{
	archiveVersion = 1;
	classes = {
	};
	objectVersion = 50;
	objects = {

/* Begin PBXBuildFile section */
		9BDA9FDE2586016600EC4D06 /* AppDelegate.swift in Sources */ = {isa = PBXBuildFile; fileRef = 9BDA9FDD2586016600EC4D06 /* AppDelegate.swift */; };
		9BDA9FE02586016600EC4D06 /* SceneDelegate.swift in Sources */ = {isa = PBXBuildFile; fileRef = 9BDA9FDF2586016600EC4D06 /* SceneDelegate.swift */; };
		9BDA9FE22586016600EC4D06 /* ViewController.swift in Sources */ = {isa = PBXBuildFile; fileRef = 9BDA9FE12586016600EC4D06 /* ViewController.swift */; };
		9BDA9FE52586016600EC4D06 /* Main.storyboard in Resources */ = {isa = PBXBuildFile; fileRef = 9BDA9FE32586016600EC4D06 /* Main.storyboard */; };
		9BDA9FE72586016800EC4D06 /* Assets.xcassets in Resources */ = {isa = PBXBuildFile; fileRef = 9BDA9FE62586016800EC4D06 /* Assets.xcassets */; };
		9BDA9FEA2586016800EC4D06 /* LaunchScreen.storyboard in Resources */ = {isa = PBXBuildFile; fileRef = 9BDA9FE82586016800EC4D06 /* LaunchScreen.storyboard */; };
		9BDA9FF6258601C400EC4D06 /* NetworkResponse.swift in Sources */ = {isa = PBXBuildFile; fileRef = 9BDA9FF5258601C400EC4D06 /* NetworkResponse.swift */; };
		9BDA9FFA258601D300EC4D06 /* NetworkError.swift in Sources */ = {isa = PBXBuildFile; fileRef = 9BDA9FF9258601D300EC4D06 /* NetworkError.swift */; };
		9BDA9FFE2586023200EC4D06 /* MANetworkSessionManager.swift in Sources */ = {isa = PBXBuildFile; fileRef = 9BDA9FFD2586023200EC4D06 /* MANetworkSessionManager.swift */; };
		9BDAA0022586028B00EC4D06 /* UtilityClass.swift in Sources */ = {isa = PBXBuildFile; fileRef = 9BDAA0012586028B00EC4D06 /* UtilityClass.swift */; };
		9BDAA005258602E900EC4D06 /* NetworkRequest.swift in Sources */ = {isa = PBXBuildFile; fileRef = 9BDAA004258602E900EC4D06 /* NetworkRequest.swift */; };
		9BDAA0082586032C00EC4D06 /* RemoteURLStrings.swift in Sources */ = {isa = PBXBuildFile; fileRef = 9BDAA0072586032C00EC4D06 /* RemoteURLStrings.swift */; };
		9BDAA00F2586055900EC4D06 /* Post.swift in Sources */ = {isa = PBXBuildFile; fileRef = 9BDAA00E2586055900EC4D06 /* Post.swift */; };
		9BDAA013258605DC00EC4D06 /* MADataProvider.swift in Sources */ = {isa = PBXBuildFile; fileRef = 9BDAA012258605DC00EC4D06 /* MADataProvider.swift */; };
/* End PBXBuildFile section */

/* Begin PBXFileReference section */
		9BDA9FDA2586016600EC4D06 /* MANetworkJSONDataManager.app */ = {isa = PBXFileReference; explicitFileType = wrapper.application; includeInIndex = 0; path = MANetworkJSONDataManager.app; sourceTree = BUILT_PRODUCTS_DIR; };
		9BDA9FDD2586016600EC4D06 /* AppDelegate.swift */ = {isa = PBXFileReference; lastKnownFileType = sourcecode.swift; path = AppDelegate.swift; sourceTree = "<group>"; };
		9BDA9FDF2586016600EC4D06 /* SceneDelegate.swift */ = {isa = PBXFileReference; lastKnownFileType = sourcecode.swift; path = SceneDelegate.swift; sourceTree = "<group>"; };
		9BDA9FE12586016600EC4D06 /* ViewController.swift */ = {isa = PBXFileReference; lastKnownFileType = sourcecode.swift; path = ViewController.swift; sourceTree = "<group>"; };
		9BDA9FE42586016600EC4D06 /* Base */ = {isa = PBXFileReference; lastKnownFileType = file.storyboard; name = Base; path = Base.lproj/Main.storyboard; sourceTree = "<group>"; };
		9BDA9FE62586016800EC4D06 /* Assets.xcassets */ = {isa = PBXFileReference; lastKnownFileType = folder.assetcatalog; path = Assets.xcassets; sourceTree = "<group>"; };
		9BDA9FE92586016800EC4D06 /* Base */ = {isa = PBXFileReference; lastKnownFileType = file.storyboard; name = Base; path = Base.lproj/LaunchScreen.storyboard; sourceTree = "<group>"; };
		9BDA9FEB2586016800EC4D06 /* Info.plist */ = {isa = PBXFileReference; lastKnownFileType = text.plist.xml; path = Info.plist; sourceTree = "<group>"; };
		9BDA9FF5258601C400EC4D06 /* NetworkResponse.swift */ = {isa = PBXFileReference; lastKnownFileType = sourcecode.swift; path = NetworkResponse.swift; sourceTree = "<group>"; };
		9BDA9FF9258601D300EC4D06 /* NetworkError.swift */ = {isa = PBXFileReference; lastKnownFileType = sourcecode.swift; path = NetworkError.swift; sourceTree = "<group>"; };
		9BDA9FFD2586023200EC4D06 /* MANetworkSessionManager.swift */ = {isa = PBXFileReference; lastKnownFileType = sourcecode.swift; path = MANetworkSessionManager.swift; sourceTree = "<group>"; };
		9BDAA0012586028B00EC4D06 /* UtilityClass.swift */ = {isa = PBXFileReference; lastKnownFileType = sourcecode.swift; path = UtilityClass.swift; sourceTree = "<group>"; };
		9BDAA004258602E900EC4D06 /* NetworkRequest.swift */ = {isa = PBXFileReference; lastKnownFileType = sourcecode.swift; path = NetworkRequest.swift; sourceTree = "<group>"; };
		9BDAA0072586032C00EC4D06 /* RemoteURLStrings.swift */ = {isa = PBXFileReference; lastKnownFileType = sourcecode.swift; path = RemoteURLStrings.swift; sourceTree = "<group>"; };
		9BDAA00E2586055900EC4D06 /* Post.swift */ = {isa = PBXFileReference; lastKnownFileType = sourcecode.swift; path = Post.swift; sourceTree = "<group>"; };
		9BDAA012258605DC00EC4D06 /* MADataProvider.swift */ = {isa = PBXFileReference; lastKnownFileType = sourcecode.swift; path = MADataProvider.swift; sourceTree = "<group>"; };
/* End PBXFileReference section */

/* Begin PBXFrameworksBuildPhase section */
		9BDA9FD72586016600EC4D06 /* Frameworks */ = {
			isa = PBXFrameworksBuildPhase;
			buildActionMask = 2147483647;
			files = (
			);
			runOnlyForDeploymentPostprocessing = 0;
		};
/* End PBXFrameworksBuildPhase section */

/* Begin PBXGroup section */
		9BDA9FD12586016500EC4D06 = {
			isa = PBXGroup;
			children = (
				9BDA9FDC2586016600EC4D06 /* MANetworkJSONDataManager */,
				9BDA9FDB2586016600EC4D06 /* Products */,
			);
			sourceTree = "<group>";
		};
		9BDA9FDB2586016600EC4D06 /* Products */ = {
			isa = PBXGroup;
			children = (
				9BDA9FDA2586016600EC4D06 /* MANetworkJSONDataManager.app */,
			);
			name = Products;
			sourceTree = "<group>";
		};
		9BDA9FDC2586016600EC4D06 /* MANetworkJSONDataManager */ = {
			isa = PBXGroup;
			children = (
				9BDAA00D2586053900EC4D06 /* Data Model */,
				9BDAA015258606AE00EC4D06 /* Data Provider */,
				9BDA9FFC2586021500EC4D06 /* Network Manager */,
				9BDA9FF22586019600EC4D06 /* Network Model */,
				9BDAA00A2586034B00EC4D06 /* Controller */,
				9BDAA00B2586035600EC4D06 /* View */,
				9BDA9FF3258601A500EC4D06 /* Supporting Files */,
				9BDAA00C2586035F00EC4D06 /* Resources */,
				9BDA9FEB2586016800EC4D06 /* Info.plist */,
			);
			path = MANetworkJSONDataManager;
			sourceTree = "<group>";
		};
		9BDA9FF22586019600EC4D06 /* Network Model */ = {
			isa = PBXGroup;
			children = (
				9BDA9FF5258601C400EC4D06 /* NetworkResponse.swift */,
				9BDA9FF9258601D300EC4D06 /* NetworkError.swift */,
				9BDAA004258602E900EC4D06 /* NetworkRequest.swift */,
			);
			path = "Network Model";
			sourceTree = "<group>";
		};
		9BDA9FF3258601A500EC4D06 /* Supporting Files */ = {
			isa = PBXGroup;
			children = (
				9BDA9FDD2586016600EC4D06 /* AppDelegate.swift */,
				9BDA9FDF2586016600EC4D06 /* SceneDelegate.swift */,
			);
			path = "Supporting Files";
			sourceTree = "<group>";
		};
		9BDA9FFC2586021500EC4D06 /* Network Manager */ = {
			isa = PBXGroup;
			children = (
				9BDA9FFD2586023200EC4D06 /* MANetworkSessionManager.swift */,
				9BDAA0012586028B00EC4D06 /* UtilityClass.swift */,
				9BDAA0072586032C00EC4D06 /* RemoteURLStrings.swift */,
			);
			path = "Network Manager";
			sourceTree = "<group>";
		};
		9BDAA00A2586034B00EC4D06 /* Controller */ = {
			isa = PBXGroup;
			children = (
				9BDA9FE12586016600EC4D06 /* ViewController.swift */,
			);
			path = Controller;
			sourceTree = "<group>";
		};
		9BDAA00B2586035600EC4D06 /* View */ = {
			isa = PBXGroup;
			children = (
				9BDA9FE32586016600EC4D06 /* Main.storyboard */,
			);
			path = View;
			sourceTree = "<group>";
		};
		9BDAA00C2586035F00EC4D06 /* Resources */ = {
			isa = PBXGroup;
			children = (
				9BDA9FE62586016800EC4D06 /* Assets.xcassets */,
				9BDA9FE82586016800EC4D06 /* LaunchScreen.storyboard */,
			);
			path = Resources;
			sourceTree = "<group>";
		};
		9BDAA00D2586053900EC4D06 /* Data Model */ = {
			isa = PBXGroup;
			children = (
				9BDAA00E2586055900EC4D06 /* Post.swift */,
			);
			path = "Data Model";
			sourceTree = "<group>";
		};
		9BDAA015258606AE00EC4D06 /* Data Provider */ = {
			isa = PBXGroup;
			children = (
				9BDAA012258605DC00EC4D06 /* MADataProvider.swift */,
			);
			path = "Data Provider";
			sourceTree = "<group>";
		};
/* End PBXGroup section */

/* Begin PBXNativeTarget section */
		9BDA9FD92586016600EC4D06 /* MANetworkJSONDataManager */ = {
			isa = PBXNativeTarget;
			buildConfigurationList = 9BDA9FEE2586016800EC4D06 /* Build configuration list for PBXNativeTarget "MANetworkJSONDataManager" */;
			buildPhases = (
				9BDA9FD62586016600EC4D06 /* Sources */,
				9BDA9FD72586016600EC4D06 /* Frameworks */,
				9BDA9FD82586016600EC4D06 /* Resources */,
			);
			buildRules = (
			);
			dependencies = (
			);
			name = MANetworkJSONDataManager;
			productName = MANetworkJSONDataManager;
			productReference = 9BDA9FDA2586016600EC4D06 /* MANetworkJSONDataManager.app */;
			productType = "com.apple.product-type.application";
		};
/* End PBXNativeTarget section */

/* Begin PBXProject section */
		9BDA9FD22586016500EC4D06 /* Project object */ = {
			isa = PBXProject;
			attributes = {
				LastSwiftUpdateCheck = 1220;
				LastUpgradeCheck = 1220;
				TargetAttributes = {
					9BDA9FD92586016600EC4D06 = {
						CreatedOnToolsVersion = 12.2;
					};
				};
			};
			buildConfigurationList = 9BDA9FD52586016500EC4D06 /* Build configuration list for PBXProject "MANetworkJSONDataManager" */;
			compatibilityVersion = "Xcode 9.3";
			developmentRegion = en;
			hasScannedForEncodings = 0;
			knownRegions = (
				en,
				Base,
			);
			mainGroup = 9BDA9FD12586016500EC4D06;
			productRefGroup = 9BDA9FDB2586016600EC4D06 /* Products */;
			projectDirPath = "";
			projectRoot = "";
			targets = (
				9BDA9FD92586016600EC4D06 /* MANetworkJSONDataManager */,
			);
		};
/* End PBXProject section */

/* Begin PBXResourcesBuildPhase section */
		9BDA9FD82586016600EC4D06 /* Resources */ = {
			isa = PBXResourcesBuildPhase;
			buildActionMask = 2147483647;
			files = (
				9BDA9FEA2586016800EC4D06 /* LaunchScreen.storyboard in Resources */,
				9BDA9FE72586016800EC4D06 /* Assets.xcassets in Resources */,
				9BDA9FE52586016600EC4D06 /* Main.storyboard in Resources */,
			);
			runOnlyForDeploymentPostprocessing = 0;
		};
/* End PBXResourcesBuildPhase section */

/* Begin PBXSourcesBuildPhase section */
		9BDA9FD62586016600EC4D06 /* Sources */ = {
			isa = PBXSourcesBuildPhase;
			buildActionMask = 2147483647;
			files = (
				9BDAA0082586032C00EC4D06 /* RemoteURLStrings.swift in Sources */,
				9BDA9FE22586016600EC4D06 /* ViewController.swift in Sources */,
				9BDA9FFE2586023200EC4D06 /* MANetworkSessionManager.swift in Sources */,
				9BDAA005258602E900EC4D06 /* NetworkRequest.swift in Sources */,
				9BDA9FF6258601C400EC4D06 /* NetworkResponse.swift in Sources */,
				9BDA9FDE2586016600EC4D06 /* AppDelegate.swift in Sources */,
				9BDA9FE02586016600EC4D06 /* SceneDelegate.swift in Sources */,
				9BDAA013258605DC00EC4D06 /* MADataProvider.swift in Sources */,
				9BDAA0022586028B00EC4D06 /* UtilityClass.swift in Sources */,
				9BDA9FFA258601D300EC4D06 /* NetworkError.swift in Sources */,
				9BDAA00F2586055900EC4D06 /* Post.swift in Sources */,
			);
			runOnlyForDeploymentPostprocessing = 0;
		};
/* End PBXSourcesBuildPhase section */

/* Begin PBXVariantGroup section */
		9BDA9FE32586016600EC4D06 /* Main.storyboard */ = {
			isa = PBXVariantGroup;
			children = (
				9BDA9FE42586016600EC4D06 /* Base */,
			);
			name = Main.storyboard;
			sourceTree = "<group>";
		};
		9BDA9FE82586016800EC4D06 /* LaunchScreen.storyboard */ = {
			isa = PBXVariantGroup;
			children = (
				9BDA9FE92586016800EC4D06 /* Base */,
			);
			name = LaunchScreen.storyboard;
			sourceTree = "<group>";
		};
/* End PBXVariantGroup section */

/* Begin XCBuildConfiguration section */
		9BDA9FEC2586016800EC4D06 /* Debug */ = {
			isa = XCBuildConfiguration;
			buildSettings = {
				ALWAYS_SEARCH_USER_PATHS = NO;
				CLANG_ANALYZER_NONNULL = YES;
				CLANG_ANALYZER_NUMBER_OBJECT_CONVERSION = YES_AGGRESSIVE;
				CLANG_CXX_LANGUAGE_STANDARD = "gnu++14";
				CLANG_CXX_LIBRARY = "libc++";
				CLANG_ENABLE_MODULES = YES;
				CLANG_ENABLE_OBJC_ARC = YES;
				CLANG_ENABLE_OBJC_WEAK = YES;
				CLANG_WARN_BLOCK_CAPTURE_AUTORELEASING = YES;
				CLANG_WARN_BOOL_CONVERSION = YES;
				CLANG_WARN_COMMA = YES;
				CLANG_WARN_CONSTANT_CONVERSION = YES;
				CLANG_WARN_DEPRECATED_OBJC_IMPLEMENTATIONS = YES;
				CLANG_WARN_DIRECT_OBJC_ISA_USAGE = YES_ERROR;
				CLANG_WARN_DOCUMENTATION_COMMENTS = YES;
				CLANG_WARN_EMPTY_BODY = YES;
				CLANG_WARN_ENUM_CONVERSION = YES;
				CLANG_WARN_INFINITE_RECURSION = YES;
				CLANG_WARN_INT_CONVERSION = YES;
				CLANG_WARN_NON_LITERAL_NULL_CONVERSION = YES;
				CLANG_WARN_OBJC_IMPLICIT_RETAIN_SELF = YES;
				CLANG_WARN_OBJC_LITERAL_CONVERSION = YES;
				CLANG_WARN_OBJC_ROOT_CLASS = YES_ERROR;
				CLANG_WARN_QUOTED_INCLUDE_IN_FRAMEWORK_HEADER = YES;
				CLANG_WARN_RANGE_LOOP_ANALYSIS = YES;
				CLANG_WARN_STRICT_PROTOTYPES = YES;
				CLANG_WARN_SUSPICIOUS_MOVE = YES;
				CLANG_WARN_UNGUARDED_AVAILABILITY = YES_AGGRESSIVE;
				CLANG_WARN_UNREACHABLE_CODE = YES;
				CLANG_WARN__DUPLICATE_METHOD_MATCH = YES;
				COPY_PHASE_STRIP = NO;
				DEBUG_INFORMATION_FORMAT = dwarf;
				ENABLE_STRICT_OBJC_MSGSEND = YES;
				ENABLE_TESTABILITY = YES;
				GCC_C_LANGUAGE_STANDARD = gnu11;
				GCC_DYNAMIC_NO_PIC = NO;
				GCC_NO_COMMON_BLOCKS = YES;
				GCC_OPTIMIZATION_LEVEL = 0;
				GCC_PREPROCESSOR_DEFINITIONS = (
					"DEBUG=1",
					"$(inherited)",
				);
				GCC_WARN_64_TO_32_BIT_CONVERSION = YES;
				GCC_WARN_ABOUT_RETURN_TYPE = YES_ERROR;
				GCC_WARN_UNDECLARED_SELECTOR = YES;
				GCC_WARN_UNINITIALIZED_AUTOS = YES_AGGRESSIVE;
				GCC_WARN_UNUSED_FUNCTION = YES;
				GCC_WARN_UNUSED_VARIABLE = YES;
				IPHONEOS_DEPLOYMENT_TARGET = 14.2;
				MTL_ENABLE_DEBUG_INFO = INCLUDE_SOURCE;
				MTL_FAST_MATH = YES;
				ONLY_ACTIVE_ARCH = YES;
				SDKROOT = iphoneos;
				SWIFT_ACTIVE_COMPILATION_CONDITIONS = DEBUG;
				SWIFT_OPTIMIZATION_LEVEL = "-Onone";
			};
			name = Debug;
		};
		9BDA9FED2586016800EC4D06 /* Release */ = {
			isa = XCBuildConfiguration;
			buildSettings = {
				ALWAYS_SEARCH_USER_PATHS = NO;
				CLANG_ANALYZER_NONNULL = YES;
				CLANG_ANALYZER_NUMBER_OBJECT_CONVERSION = YES_AGGRESSIVE;
				CLANG_CXX_LANGUAGE_STANDARD = "gnu++14";
				CLANG_CXX_LIBRARY = "libc++";
				CLANG_ENABLE_MODULES = YES;
				CLANG_ENABLE_OBJC_ARC = YES;
				CLANG_ENABLE_OBJC_WEAK = YES;
				CLANG_WARN_BLOCK_CAPTURE_AUTORELEASING = YES;
				CLANG_WARN_BOOL_CONVERSION = YES;
				CLANG_WARN_COMMA = YES;
				CLANG_WARN_CONSTANT_CONVERSION = YES;
				CLANG_WARN_DEPRECATED_OBJC_IMPLEMENTATIONS = YES;
				CLANG_WARN_DIRECT_OBJC_ISA_USAGE = YES_ERROR;
				CLANG_WARN_DOCUMENTATION_COMMENTS = YES;
				CLANG_WARN_EMPTY_BODY = YES;
				CLANG_WARN_ENUM_CONVERSION = YES;
				CLANG_WARN_INFINITE_RECURSION = YES;
				CLANG_WARN_INT_CONVERSION = YES;
				CLANG_WARN_NON_LITERAL_NULL_CONVERSION = YES;
				CLANG_WARN_OBJC_IMPLICIT_RETAIN_SELF = YES;
				CLANG_WARN_OBJC_LITERAL_CONVERSION = YES;
				CLANG_WARN_OBJC_ROOT_CLASS = YES_ERROR;
				CLANG_WARN_QUOTED_INCLUDE_IN_FRAMEWORK_HEADER = YES;
				CLANG_WARN_RANGE_LOOP_ANALYSIS = YES;
				CLANG_WARN_STRICT_PROTOTYPES = YES;
				CLANG_WARN_SUSPICIOUS_MOVE = YES;
				CLANG_WARN_UNGUARDED_AVAILABILITY = YES_AGGRESSIVE;
				CLANG_WARN_UNREACHABLE_CODE = YES;
				CLANG_WARN__DUPLICATE_METHOD_MATCH = YES;
				COPY_PHASE_STRIP = NO;
				DEBUG_INFORMATION_FORMAT = "dwarf-with-dsym";
				ENABLE_NS_ASSERTIONS = NO;
				ENABLE_STRICT_OBJC_MSGSEND = YES;
				GCC_C_LANGUAGE_STANDARD = gnu11;
				GCC_NO_COMMON_BLOCKS = YES;
				GCC_WARN_64_TO_32_BIT_CONVERSION = YES;
				GCC_WARN_ABOUT_RETURN_TYPE = YES_ERROR;
				GCC_WARN_UNDECLARED_SELECTOR = YES;
				GCC_WARN_UNINITIALIZED_AUTOS = YES_AGGRESSIVE;
				GCC_WARN_UNUSED_FUNCTION = YES;
				GCC_WARN_UNUSED_VARIABLE = YES;
				IPHONEOS_DEPLOYMENT_TARGET = 14.2;
				MTL_ENABLE_DEBUG_INFO = NO;
				MTL_FAST_MATH = YES;
				SDKROOT = iphoneos;
				SWIFT_COMPILATION_MODE = wholemodule;
				SWIFT_OPTIMIZATION_LEVEL = "-O";
				VALIDATE_PRODUCT = YES;
			};
			name = Release;
		};
		9BDA9FEF2586016800EC4D06 /* Debug */ = {
			isa = XCBuildConfiguration;
			buildSettings = {
				ASSETCATALOG_COMPILER_APPICON_NAME = AppIcon;
				ASSETCATALOG_COMPILER_GLOBAL_ACCENT_COLOR_NAME = AccentColor;
				CODE_SIGN_STYLE = Automatic;
				DEVELOPMENT_TEAM = NUV73DSTTT;
				INFOPLIST_FILE = MANetworkJSONDataManager/Info.plist;
				IPHONEOS_DEPLOYMENT_TARGET = 13.0;
				LD_RUNPATH_SEARCH_PATHS = (
					"$(inherited)",
					"@executable_path/Frameworks",
				);
				PRODUCT_BUNDLE_IDENTIFIER = com.rolewithvirtualization.MANetworkJSONDataManager;
				PRODUCT_NAME = "$(TARGET_NAME)";
				SWIFT_VERSION = 5.0;
				TARGETED_DEVICE_FAMILY = "1,2";
			};
			name = Debug;
		};
		9BDA9FF02586016800EC4D06 /* Release */ = {
			isa = XCBuildConfiguration;
			buildSettings = {
				ASSETCATALOG_COMPILER_APPICON_NAME = AppIcon;
				ASSETCATALOG_COMPILER_GLOBAL_ACCENT_COLOR_NAME = AccentColor;
				CODE_SIGN_STYLE = Automatic;
				DEVELOPMENT_TEAM = NUV73DSTTT;
				INFOPLIST_FILE = MANetworkJSONDataManager/Info.plist;
				IPHONEOS_DEPLOYMENT_TARGET = 13.0;
				LD_RUNPATH_SEARCH_PATHS = (
					"$(inherited)",
					"@executable_path/Frameworks",
				);
				PRODUCT_BUNDLE_IDENTIFIER = com.rolewithvirtualization.MANetworkJSONDataManager;
				PRODUCT_NAME = "$(TARGET_NAME)";
				SWIFT_VERSION = 5.0;
				TARGETED_DEVICE_FAMILY = "1,2";
			};
			name = Release;
		};
/* End XCBuildConfiguration section */

/* Begin XCConfigurationList section */
		9BDA9FD52586016500EC4D06 /* Build configuration list for PBXProject "MANetworkJSONDataManager" */ = {
			isa = XCConfigurationList;
			buildConfigurations = (
				9BDA9FEC2586016800EC4D06 /* Debug */,
				9BDA9FED2586016800EC4D06 /* Release */,
			);
			defaultConfigurationIsVisible = 0;
			defaultConfigurationName = Release;
		};
		9BDA9FEE2586016800EC4D06 /* Build configuration list for PBXNativeTarget "MANetworkJSONDataManager" */ = {
			isa = XCConfigurationList;
			buildConfigurations = (
				9BDA9FEF2586016800EC4D06 /* Debug */,
				9BDA9FF02586016800EC4D06 /* Release */,
			);
			defaultConfigurationIsVisible = 0;
			defaultConfigurationName = Release;
		};
/* End XCConfigurationList section */
	};
	rootObject = 9BDA9FD22586016500EC4D06 /* Project object */;
}
